
Microsoft Visual Studio Solution File, Format Version 12.00
# Visual Studio Version 17
VisualStudioVersion = 17.11.34909.67
MinimumVisualStudioVersion = 10.0.40219.1
Project("{9A19103F-16F7-4668-BE54-9A1E7A4F7556}") = "EShop.Shared", "EShop.Shared\EShop.Shared.csproj", "{2FEC1E54-E017-4278-AF38-FD277B9F13A4}"
EndProject
Project("{FAE04EC0-301F-11D3-BF4B-00C04F79EFBC}") = "EShop.API", "EShop.API\EShop.API.csproj", "{A6677BA3-2798-4021-9E3C-16FAFE1419E8}"
EndProject
Global
	GlobalSection(SolutionConfigurationPlatforms) = preSolution
		Debug|Any CPU = Debug|Any CPU
		Release|Any CPU = Release|Any CPU
	EndGlobalSection
	GlobalSection(ProjectConfigurationPlatforms) = postSolution
		{2FEC1E54-E017-4278-AF38-FD277B9F13A4}.Debug|Any CPU.ActiveCfg = Debug|Any CPU
		{2FEC1E54-E017-4278-AF38-FD277B9F13A4}.Debug|Any CPU.Build.0 = Debug|Any CPU
		{2FEC1E54-E017-4278-AF38-FD277B9F13A4}.Release|Any CPU.ActiveCfg = Release|Any CPU
		{2FEC1E54-E017-4278-AF38-FD277B9F13A4}.Release|Any CPU.Build.0 = Release|Any CPU
		{A6677BA3-2798-4021-9E3C-16FAFE1419E8}.Debug|Any CPU.ActiveCfg = Debug|Any CPU
		{A6677BA3-2798-4021-9E3C-16FAFE1419E8}.Debug|Any CPU.Build.0 = Debug|Any CPU
		{A6677BA3-2798-4021-9E3C-16FAFE1419E8}.Release|Any CPU.ActiveCfg = Release|Any CPU
		{A6677BA3-2798-4021-9E3C-16FAFE1419E8}.Release|Any CPU.Build.0 = Release|Any CPU
	EndGlobalSection
	GlobalSection(SolutionProperties) = preSolution
		HideSolutionNode = FALSE
	EndGlobalSection
	GlobalSection(ExtensibilityGlobals) = postSolution
		SolutionGuid = {CF832F11-A3D4-49AE-8658-A116E1BB4E52}
	EndGlobalSection
EndGlobal
